
Microsoft Visual Studio Solution File, Format Version 12.00
# Visual Studio Version 17
VisualStudioVersion = 17.5.002.0
MinimumVisualStudioVersion = 10.0.40219.1
Project("{2150E333-8FDC-42A3-9474-1A3956D46DE8}") = "prepare", "prepare", "{11375E2F-5F2C-4328-B7BF-B7FE191B0828}"
EndProject
Project("{9A19103F-16F7-4668-BE54-9A1E7A4F7556}") = "Learning02", "prepare\Learning02\Learning02.csproj", "{7F7D451D-55B1-4617-BE5E-E9ABF3D03B06}"
EndProject
Project("{9A19103F-16F7-4668-BE54-9A1E7A4F7556}") = "Learning05", "prepare\Learning05\Learning05.csproj", "{BD876CEA-670D-4F0F-B2F9-C28A674578D5}"
EndProject
Project("{9A19103F-16F7-4668-BE54-9A1E7A4F7556}") = "Learning04", "prepare\Learning04\Learning04.csproj", "{299B0DB8-3C1F-4434-A421-C84A77149618}"
EndProject
Project("{9A19103F-16F7-4668-BE54-9A1E7A4F7556}") = "Learning03", "prepare\Learning03\Learning03.csproj", "{3E69A99D-4E8C-41F0-8175-A559DC30EB3F}"
EndProject
Project("{2150E333-8FDC-42A3-9474-1A3956D46DE8}") = "prove", "prove", "{AC652175-D54A-463B-9BF6-4D8B44017738}"
EndProject
Project("{9A19103F-16F7-4668-BE54-9A1E7A4F7556}") = "Develop03", "prove\Develop03\Develop03.csproj", "{8691B03A-BF1A-4771-8C24-EFEC2910D213}"
EndProject
Project("{9A19103F-16F7-4668-BE54-9A1E7A4F7556}") = "Develop04", "prove\Develop04\Develop04.csproj", "{C7A6B12F-4E16-447A-A686-2D92FAA2C35A}"
EndProject
Project("{9A19103F-16F7-4668-BE54-9A1E7A4F7556}") = "Develop05", "prove\Develop05\Develop05.csproj", "{7BE991A9-875F-45EF-80E9-A728D38174DF}"
EndProject
Project("{9A19103F-16F7-4668-BE54-9A1E7A4F7556}") = "Develop02", "prove\Develop02\Develop02.csproj", "{1C2F9494-DF76-448B-91CB-0519CE88A8BE}"
EndProject
Project("{2150E333-8FDC-42A3-9474-1A3956D46DE8}") = "sandbox", "sandbox", "{E8AF54E7-9EB4-486C-B4D5-DAA81A6945BC}"
EndProject
Project("{9A19103F-16F7-4668-BE54-9A1E7A4F7556}") = "Sandbox", "sandbox\Sandbox\Sandbox.csproj", "{C4A48A0B-EA0C-4C34-84C9-0DD1EBE27341}"
EndProject
Project("{2150E333-8FDC-42A3-9474-1A3956D46DE8}") = "final", "final", "{EBEF651E-318F-44F8-AAD0-E567C6D26BCA}"
EndProject
Project("{9A19103F-16F7-4668-BE54-9A1E7A4F7556}") = "FinalProject", "final\FinalProject\FinalProject.csproj", "{3A61B86C-6880-4497-915C-44F74293F3A4}"
EndProject
Project("{9A19103F-16F7-4668-BE54-9A1E7A4F7556}") = "Foundation1", "final\Foundation1\Foundation1.csproj", "{8D3C46CA-3C5E-4839-8E61-2D1D5B975F80}"
EndProject
Project("{9A19103F-16F7-4668-BE54-9A1E7A4F7556}") = "Foundation4", "final\Foundation4\Foundation4.csproj", "{1BD12B2E-E908-41B7-85E3-F531E235A57C}"
EndProject
Project("{9A19103F-16F7-4668-BE54-9A1E7A4F7556}") = "Foundation3", "final\Foundation3\Foundation3.csproj", "{55180CD0-F0A2-40EE-8BCD-44E512C051D3}"
EndProject
Project("{9A19103F-16F7-4668-BE54-9A1E7A4F7556}") = "Foundation2", "final\Foundation2\Foundation2.csproj", "{CED37491-387A-4039-9240-47449BDC4199}"
EndProject
Project("{2150E333-8FDC-42A3-9474-1A3956D46DE8}") = "csharp-prep", "csharp-prep", "{D40CCF0D-2D25-47FD-BE18-55B83660D4F8}"
EndProject
Project("{9A19103F-16F7-4668-BE54-9A1E7A4F7556}") = "Prep1", "csharp-prep\Prep1\Prep1.csproj", "{B79D7A39-77B0-4525-930E-E264F8A73FC4}"
EndProject
Project("{9A19103F-16F7-4668-BE54-9A1E7A4F7556}") = "Prep5", "csharp-prep\Prep5\Prep5.csproj", "{068B1E6B-249C-435F-B6D5-9A8D4981E949}"
EndProject
Project("{9A19103F-16F7-4668-BE54-9A1E7A4F7556}") = "Prep2", "csharp-prep\Prep2\Prep2.csproj", "{6B2EE800-2195-4974-8AF0-87C3AE136D1D}"
EndProject
Project("{9A19103F-16F7-4668-BE54-9A1E7A4F7556}") = "Prep3", "csharp-prep\Prep3\Prep3.csproj", "{40840D60-AEDA-48D9-97B8-809E72FC303D}"
EndProject
Project("{9A19103F-16F7-4668-BE54-9A1E7A4F7556}") = "Prep4", "csharp-prep\Prep4\Prep4.csproj", "{C5A423AA-3A2A-4BD9-84F4-67B112F4A34B}"
EndProject
Global
	GlobalSection(SolutionConfigurationPlatforms) = preSolution
		Debug|Any CPU = Debug|Any CPU
		Release|Any CPU = Release|Any CPU
	EndGlobalSection
	GlobalSection(ProjectConfigurationPlatforms) = postSolution
		{7F7D451D-55B1-4617-BE5E-E9ABF3D03B06}.Debug|Any CPU.ActiveCfg = Debug|Any CPU
		{7F7D451D-55B1-4617-BE5E-E9ABF3D03B06}.Debug|Any CPU.Build.0 = Debug|Any CPU
		{7F7D451D-55B1-4617-BE5E-E9ABF3D03B06}.Release|Any CPU.ActiveCfg = Release|Any CPU
		{7F7D451D-55B1-4617-BE5E-E9ABF3D03B06}.Release|Any CPU.Build.0 = Release|Any CPU
		{BD876CEA-670D-4F0F-B2F9-C28A674578D5}.Debug|Any CPU.ActiveCfg = Debug|Any CPU
		{BD876CEA-670D-4F0F-B2F9-C28A674578D5}.Debug|Any CPU.Build.0 = Debug|Any CPU
		{BD876CEA-670D-4F0F-B2F9-C28A674578D5}.Release|Any CPU.ActiveCfg = Release|Any CPU
		{BD876CEA-670D-4F0F-B2F9-C28A674578D5}.Release|Any CPU.Build.0 = Release|Any CPU
		{299B0DB8-3C1F-4434-A421-C84A77149618}.Debug|Any CPU.ActiveCfg = Debug|Any CPU
		{299B0DB8-3C1F-4434-A421-C84A77149618}.Debug|Any CPU.Build.0 = Debug|Any CPU
		{299B0DB8-3C1F-4434-A421-C84A77149618}.Release|Any CPU.ActiveCfg = Release|Any CPU
		{299B0DB8-3C1F-4434-A421-C84A77149618}.Release|Any CPU.Build.0 = Release|Any CPU
		{3E69A99D-4E8C-41F0-8175-A559DC30EB3F}.Debug|Any CPU.ActiveCfg = Debug|Any CPU
		{3E69A99D-4E8C-41F0-8175-A559DC30EB3F}.Debug|Any CPU.Build.0 = Debug|Any CPU
		{3E69A99D-4E8C-41F0-8175-A559DC30EB3F}.Release|Any CPU.ActiveCfg = Release|Any CPU
		{3E69A99D-4E8C-41F0-8175-A559DC30EB3F}.Release|Any CPU.Build.0 = Release|Any CPU
		{8691B03A-BF1A-4771-8C24-EFEC2910D213}.Debug|Any CPU.ActiveCfg = Debug|Any CPU
		{8691B03A-BF1A-4771-8C24-EFEC2910D213}.Debug|Any CPU.Build.0 = Debug|Any CPU
		{8691B03A-BF1A-4771-8C24-EFEC2910D213}.Release|Any CPU.ActiveCfg = Release|Any CPU
		{8691B03A-BF1A-4771-8C24-EFEC2910D213}.Release|Any CPU.Build.0 = Release|Any CPU
		{C7A6B12F-4E16-447A-A686-2D92FAA2C35A}.Debug|Any CPU.ActiveCfg = Debug|Any CPU
		{C7A6B12F-4E16-447A-A686-2D92FAA2C35A}.Debug|Any CPU.Build.0 = Debug|Any CPU
		{C7A6B12F-4E16-447A-A686-2D92FAA2C35A}.Release|Any CPU.ActiveCfg = Release|Any CPU
		{C7A6B12F-4E16-447A-A686-2D92FAA2C35A}.Release|Any CPU.Build.0 = Release|Any CPU
		{7BE991A9-875F-45EF-80E9-A728D38174DF}.Debug|Any CPU.ActiveCfg = Debug|Any CPU
		{7BE991A9-875F-45EF-80E9-A728D38174DF}.Debug|Any CPU.Build.0 = Debug|Any CPU
		{7BE991A9-875F-45EF-80E9-A728D38174DF}.Release|Any CPU.ActiveCfg = Release|Any CPU
		{7BE991A9-875F-45EF-80E9-A728D38174DF}.Release|Any CPU.Build.0 = Release|Any CPU
		{1C2F9494-DF76-448B-91CB-0519CE88A8BE}.Debug|Any CPU.ActiveCfg = Debug|Any CPU
		{1C2F9494-DF76-448B-91CB-0519CE88A8BE}.Debug|Any CPU.Build.0 = Debug|Any CPU
		{1C2F9494-DF76-448B-91CB-0519CE88A8BE}.Release|Any CPU.ActiveCfg = Release|Any CPU
		{1C2F9494-DF76-448B-91CB-0519CE88A8BE}.Release|Any CPU.Build.0 = Release|Any CPU
		{C4A48A0B-EA0C-4C34-84C9-0DD1EBE27341}.Debug|Any CPU.ActiveCfg = Debug|Any CPU
		{C4A48A0B-EA0C-4C34-84C9-0DD1EBE27341}.Debug|Any CPU.Build.0 = Debug|Any CPU
		{C4A48A0B-EA0C-4C34-84C9-0DD1EBE27341}.Release|Any CPU.ActiveCfg = Release|Any CPU
		{C4A48A0B-EA0C-4C34-84C9-0DD1EBE27341}.Release|Any CPU.Build.0 = Release|Any CPU
		{3A61B86C-6880-4497-915C-44F74293F3A4}.Debug|Any CPU.ActiveCfg = Debug|Any CPU
		{3A61B86C-6880-4497-915C-44F74293F3A4}.Debug|Any CPU.Build.0 = Debug|Any CPU
		{3A61B86C-6880-4497-915C-44F74293F3A4}.Release|Any CPU.ActiveCfg = Release|Any CPU
		{3A61B86C-6880-4497-915C-44F74293F3A4}.Release|Any CPU.Build.0 = Release|Any CPU
		{8D3C46CA-3C5E-4839-8E61-2D1D5B975F80}.Debug|Any CPU.ActiveCfg = Debug|Any CPU
		{8D3C46CA-3C5E-4839-8E61-2D1D5B975F80}.Debug|Any CPU.Build.0 = Debug|Any CPU
		{8D3C46CA-3C5E-4839-8E61-2D1D5B975F80}.Release|Any CPU.ActiveCfg = Release|Any CPU
		{8D3C46CA-3C5E-4839-8E61-2D1D5B975F80}.Release|Any CPU.Build.0 = Release|Any CPU
		{1BD12B2E-E908-41B7-85E3-F531E235A57C}.Debug|Any CPU.ActiveCfg = Debug|Any CPU
		{1BD12B2E-E908-41B7-85E3-F531E235A57C}.Debug|Any CPU.Build.0 = Debug|Any CPU
		{1BD12B2E-E908-41B7-85E3-F531E235A57C}.Release|Any CPU.ActiveCfg = Release|Any CPU
		{1BD12B2E-E908-41B7-85E3-F531E235A57C}.Release|Any CPU.Build.0 = Release|Any CPU
		{55180CD0-F0A2-40EE-8BCD-44E512C051D3}.Debug|Any CPU.ActiveCfg = Debug|Any CPU
		{55180CD0-F0A2-40EE-8BCD-44E512C051D3}.Debug|Any CPU.Build.0 = Debug|Any CPU
		{55180CD0-F0A2-40EE-8BCD-44E512C051D3}.Release|Any CPU.ActiveCfg = Release|Any CPU
		{55180CD0-F0A2-40EE-8BCD-44E512C051D3}.Release|Any CPU.Build.0 = Release|Any CPU
		{CED37491-387A-4039-9240-47449BDC4199}.Debug|Any CPU.ActiveCfg = Debug|Any CPU
		{CED37491-387A-4039-9240-47449BDC4199}.Debug|Any CPU.Build.0 = Debug|Any CPU
		{CED37491-387A-4039-9240-47449BDC4199}.Release|Any CPU.ActiveCfg = Release|Any CPU
		{CED37491-387A-4039-9240-47449BDC4199}.Release|Any CPU.Build.0 = Release|Any CPU
		{B79D7A39-77B0-4525-930E-E264F8A73FC4}.Debug|Any CPU.ActiveCfg = Debug|Any CPU
		{B79D7A39-77B0-4525-930E-E264F8A73FC4}.Debug|Any CPU.Build.0 = Debug|Any CPU
		{B79D7A39-77B0-4525-930E-E264F8A73FC4}.Release|Any CPU.ActiveCfg = Release|Any CPU
		{B79D7A39-77B0-4525-930E-E264F8A73FC4}.Release|Any CPU.Build.0 = Release|Any CPU
		{068B1E6B-249C-435F-B6D5-9A8D4981E949}.Debug|Any CPU.ActiveCfg = Debug|Any CPU
		{068B1E6B-249C-435F-B6D5-9A8D4981E949}.Debug|Any CPU.Build.0 = Debug|Any CPU
		{068B1E6B-249C-435F-B6D5-9A8D4981E949}.Release|Any CPU.ActiveCfg = Release|Any CPU
		{068B1E6B-249C-435F-B6D5-9A8D4981E949}.Release|Any CPU.Build.0 = Release|Any CPU
		{6B2EE800-2195-4974-8AF0-87C3AE136D1D}.Debug|Any CPU.ActiveCfg = Debug|Any CPU
		{6B2EE800-2195-4974-8AF0-87C3AE136D1D}.Debug|Any CPU.Build.0 = Debug|Any CPU
		{6B2EE800-2195-4974-8AF0-87C3AE136D1D}.Release|Any CPU.ActiveCfg = Release|Any CPU
		{6B2EE800-2195-4974-8AF0-87C3AE136D1D}.Release|Any CPU.Build.0 = Release|Any CPU
		{40840D60-AEDA-48D9-97B8-809E72FC303D}.Debug|Any CPU.ActiveCfg = Debug|Any CPU
		{40840D60-AEDA-48D9-97B8-809E72FC303D}.Debug|Any CPU.Build.0 = Debug|Any CPU
		{40840D60-AEDA-48D9-97B8-809E72FC303D}.Release|Any CPU.ActiveCfg = Release|Any CPU
		{40840D60-AEDA-48D9-97B8-809E72FC303D}.Release|Any CPU.Build.0 = Release|Any CPU
		{C5A423AA-3A2A-4BD9-84F4-67B112F4A34B}.Debug|Any CPU.ActiveCfg = Debug|Any CPU
		{C5A423AA-3A2A-4BD9-84F4-67B112F4A34B}.Debug|Any CPU.Build.0 = Debug|Any CPU
		{C5A423AA-3A2A-4BD9-84F4-67B112F4A34B}.Release|Any CPU.ActiveCfg = Release|Any CPU
		{C5A423AA-3A2A-4BD9-84F4-67B112F4A34B}.Release|Any CPU.Build.0 = Release|Any CPU
	EndGlobalSection
	GlobalSection(SolutionProperties) = preSolution
		HideSolutionNode = FALSE
	EndGlobalSection
	GlobalSection(NestedProjects) = preSolution
		{7F7D451D-55B1-4617-BE5E-E9ABF3D03B06} = {11375E2F-5F2C-4328-B7BF-B7FE191B0828}
		{BD876CEA-670D-4F0F-B2F9-C28A674578D5} = {11375E2F-5F2C-4328-B7BF-B7FE191B0828}
		{299B0DB8-3C1F-4434-A421-C84A77149618} = {11375E2F-5F2C-4328-B7BF-B7FE191B0828}
		{3E69A99D-4E8C-41F0-8175-A559DC30EB3F} = {11375E2F-5F2C-4328-B7BF-B7FE191B0828}
		{8691B03A-BF1A-4771-8C24-EFEC2910D213} = {AC652175-D54A-463B-9BF6-4D8B44017738}
		{C7A6B12F-4E16-447A-A686-2D92FAA2C35A} = {AC652175-D54A-463B-9BF6-4D8B44017738}
		{7BE991A9-875F-45EF-80E9-A728D38174DF} = {AC652175-D54A-463B-9BF6-4D8B44017738}
		{1C2F9494-DF76-448B-91CB-0519CE88A8BE} = {AC652175-D54A-463B-9BF6-4D8B44017738}
		{C4A48A0B-EA0C-4C34-84C9-0DD1EBE27341} = {E8AF54E7-9EB4-486C-B4D5-DAA81A6945BC}
		{3A61B86C-6880-4497-915C-44F74293F3A4} = {EBEF651E-318F-44F8-AAD0-E567C6D26BCA}
		{8D3C46CA-3C5E-4839-8E61-2D1D5B975F80} = {EBEF651E-318F-44F8-AAD0-E567C6D26BCA}
		{1BD12B2E-E908-41B7-85E3-F531E235A57C} = {EBEF651E-318F-44F8-AAD0-E567C6D26BCA}
		{55180CD0-F0A2-40EE-8BCD-44E512C051D3} = {EBEF651E-318F-44F8-AAD0-E567C6D26BCA}
		{CED37491-387A-4039-9240-47449BDC4199} = {EBEF651E-318F-44F8-AAD0-E567C6D26BCA}
		{B79D7A39-77B0-4525-930E-E264F8A73FC4} = {D40CCF0D-2D25-47FD-BE18-55B83660D4F8}
		{068B1E6B-249C-435F-B6D5-9A8D4981E949} = {D40CCF0D-2D25-47FD-BE18-55B83660D4F8}
		{6B2EE800-2195-4974-8AF0-87C3AE136D1D} = {D40CCF0D-2D25-47FD-BE18-55B83660D4F8}
		{40840D60-AEDA-48D9-97B8-809E72FC303D} = {D40CCF0D-2D25-47FD-BE18-55B83660D4F8}
		{C5A423AA-3A2A-4BD9-84F4-67B112F4A34B} = {D40CCF0D-2D25-47FD-BE18-55B83660D4F8}
	EndGlobalSection
	GlobalSection(ExtensibilityGlobals) = postSolution
		SolutionGuid = {164FBF3D-5EB2-4C22-A77C-9CF91DA25FD0}
	EndGlobalSection
EndGlobal
